{
  "pins" : [
    {
      "identity" : "replaceablelogger",
      "kind" : "remoteSourceControl",
      "location" : "https://github.com/dc-nrx/ReplaceableLogger.git",
      "state" : {
        "revision" : "b2099f13b9e1f3caed6c62e6fe6d4eff3ac6eca3",
        "version" : "0.1.3"
      }
    }
  ],
  "version" : 2
}
